
Microsoft Visual Studio Solution File, Format Version 12.00
# Visual Studio Version 17
VisualStudioVersion = 17.2.32516.85
MinimumVisualStudioVersion = 10.0.40219.1
Project("{FAE04EC0-301F-11D3-BF4B-00C04F79EFBC}") = "TerytSearcher", "TerytSearcher.csproj", "{3DE99C10-B37D-49FA-9877-65E2657A4B6C}"
EndProject
Global
	GlobalSection(SolutionConfigurationPlatforms) = preSolution
		Debug|Any CPU = Debug|Any CPU
		Release|Any CPU = Release|Any CPU
	EndGlobalSection
	GlobalSection(ProjectConfigurationPlatforms) = postSolution
		{3DE99C10-B37D-49FA-9877-65E2657A4B6C}.Debug|Any CPU.ActiveCfg = Debug|Any CPU
		{3DE99C10-B37D-49FA-9877-65E2657A4B6C}.Debug|Any CPU.Build.0 = Debug|Any CPU
		{3DE99C10-B37D-49FA-9877-65E2657A4B6C}.Release|Any CPU.ActiveCfg = Release|Any CPU
		{3DE99C10-B37D-49FA-9877-65E2657A4B6C}.Release|Any CPU.Build.0 = Release|Any CPU
	EndGlobalSection
	GlobalSection(SolutionProperties) = preSolution
		HideSolutionNode = FALSE
	EndGlobalSection
	GlobalSection(ExtensibilityGlobals) = postSolution
		SolutionGuid = {5EF8752E-104C-449B-AD9A-A03AC1BEB576}
	EndGlobalSection
EndGlobal
